{
  "name": "mapbox-viewer",
  "version": "1.0.0",
  "lockfileVersion": 1,
  "requires": true,
  "dependencies": {
    "handsontable": {
      "version": "0.38.0",
      "resolved": "https://registry.npmjs.org/handsontable/-/handsontable-0.38.0.tgz",
      "integrity": "sha512-CIzoV4TUeVLEaT/Zc9enxO1T71ylTetYGCboXnTh6OnnK+97ES6ZETRAaHWvmbub6CNO/wZAFcQuyPsFNWyWtg==",
      "requires": {
        "moment": "2.20.1",
        "numbro": "1.11.0",
        "pikaday": "1.5.1"
      }
    },
    "mgrs": {
      "version": "1.0.0",
      "resolved": "https://registry.npmjs.org/mgrs/-/mgrs-1.0.0.tgz",
      "integrity": "sha1-+5FYjnjJACVnI5XLQLJffNatGCk="
    },
    "moment": {
      "version": "2.20.1",
      "resolved": "https://registry.npmjs.org/moment/-/moment-2.20.1.tgz",
      "integrity": "sha512-Yh9y73JRljxW5QxN08Fner68eFLxM5ynNOAw2LbIB1YAGeQzZT8QFSUvkAz609Zf+IHhhaUxqZK8dG3W/+HEvg=="
    },
    "numbro": {
      "version": "1.11.0",
      "resolved": "https://registry.npmjs.org/numbro/-/numbro-1.11.0.tgz",
      "integrity": "sha1-OaoXs1i0aCrsjKDVdV81xdnOj54="
    },
    "papaparse": {
      "version": "4.3.2",
      "resolved": "https://registry.npmjs.org/papaparse/-/papaparse-4.3.2.tgz",
      "integrity": "sha1-mv8hRuIAzLVswPso34AJKFfzjv0="
    },
    "pikaday": {
      "version": "1.5.1",
      "resolved": "https://registry.npmjs.org/pikaday/-/pikaday-1.5.1.tgz",
      "integrity": "sha1-CkhUm8GhTqHQjEQHTXYbwvK/z9M=",
      "requires": {
        "moment": "2.20.1"
      }
    },
    "proj4": {
      "version": "2.4.4",
      "resolved": "https://registry.npmjs.org/proj4/-/proj4-2.4.4.tgz",
      "integrity": "sha512-yo6qTpBQXnxhcPopKJeVwwOBRzUpEa3vzSFlr38f5mF4Jnfb6NOL/ePIomefWiZmPgkUblHpcwnWVMB8FS3GKw==",
      "requires": {
        "mgrs": "1.0.0",
        "wkt-parser": "1.2.0"
      }
    },
    "voronoi": {
      "version": "1.0.0",
      "resolved": "https://registry.npmjs.org/voronoi/-/voronoi-1.0.0.tgz",
      "integrity": "sha1-wIPK+pjENZpRgBi/6IYkyyJ6wpE="
    },
    "wkt-parser": {
      "version": "1.2.0",
      "resolved": "https://registry.npmjs.org/wkt-parser/-/wkt-parser-1.2.0.tgz",
      "integrity": "sha1-bQn4vr/7NPEiIB2Zwdg4HJlKyw4="
    }
  }
}
